# This file was autogenerated by Stack.
# You should not edit this file by hand.
# For more information, please see the documentation at:
#   https://docs.haskellstack.org/en/stable/lock_files

snapshots:
- original:
    url: https://raw.githubusercontent.com/commercialhaskell/stackage-snapshots/master/lts/17/5.yaml
  completed:
    sha256: 78e8ebabf11406261abbc95b44f240acf71802630b368888f6d758de7fc3a2f7
    url: https://raw.githubusercontent.com/commercialhaskell/stackage-snapshots/master/lts/17/5.yaml
    size: 565266
packages:
- original:
    hackage: Chart-cairo-1.9.3
  completed:
    pantry-tree:
      sha256: 6a84b766c3231380ab8d77102e4f1876b7868f99fbaf449dc0b46e293cbc59b2
      size: 238
    hackage: Chart-cairo-1.9.3@sha256:f79100109af9c83f65d23c3409b2a449820e523d468d1f2340f2dd36acfd237d,924
- original:
    hackage: Chart-diagrams-1.9.3
  completed:
    pantry-tree:
      sha256: 21558b4300fb173ae47c492d600c836e8a3b744a98372aeb5a5e5d40dd1dee2d
      size: 934
    hackage: Chart-diagrams-1.9.3@sha256:1535d5d0d3febca63138cecfde234315212611c21bb7f4358b2dae8c55c59003,1801
- original:
    hackage: SVGFonts-1.7.0.1@sha256:af422f17a3a87f2d7185ba7ea4b1cf693f71c164e99ce7386f1902145db25df0,3909
  completed:
    pantry-tree:
      sha256: 13f2c1b8ad72eefc1adb87229a2ccdc11be680dafe2fd7c65d52d751dcf885c8
      size: 1836
    hackage: SVGFonts-1.7.0.1@sha256:af422f17a3a87f2d7185ba7ea4b1cf693f71c164e99ce7386f1902145db25df0,3909
- original:
    hackage: cairo-0.13.8.1@sha256:1938aaeb5d3504678d995774dfe870f6b66cbd43d336b692fa8779b23b2b67a9,4075
  completed:
    pantry-tree:
      sha256: 8f6344da4c578a4dd3a49c333e2158b695bfae32a74d34a76bbc6e531b70c95c
      size: 2830
    hackage: cairo-0.13.8.1@sha256:1938aaeb5d3504678d995774dfe870f6b66cbd43d336b692fa8779b23b2b67a9,4075
- original:
    hackage: diagrams-core-1.4.2@sha256:47de45658e8a805b7cb7f535e7b093daf7e861604fa3c70e25bd4ef481bf1571,2997
  completed:
    pantry-tree:
      sha256: 00c9bd036e8552d494c912774f05fb9b5752022b4827d3e815ad016a3cb6e16b
      size: 2018
    hackage: diagrams-core-1.4.2@sha256:47de45658e8a805b7cb7f535e7b093daf7e861604fa3c70e25bd4ef481bf1571,2997
- original:
    hackage: diagrams-lib-1.4.3@sha256:04f77778d4b550d3c8e54440800685f88467bef91075e82e009a8a6f45c51033,8232
  completed:
    pantry-tree:
      sha256: bf481bb5bbbd135a778be4cc69cc2f857944dc5d3b856894effaddc9279adf58
      size: 11604
    hackage: diagrams-lib-1.4.3@sha256:04f77778d4b550d3c8e54440800685f88467bef91075e82e009a8a6f45c51033,8232
- original:
    hackage: diagrams-postscript-1.5@sha256:666dcc41d0a2942c884077b070ea0dd71c586567944fa4f67976251c717587b2,2379
  completed:
    pantry-tree:
      sha256: 86eb388c52d91deb8da273270de2f6308b111161e7618e06e3fa41e9af8911e5
      size: 480
    hackage: diagrams-postscript-1.5@sha256:666dcc41d0a2942c884077b070ea0dd71c586567944fa4f67976251c717587b2,2379
- original:
    hackage: diagrams-svg-1.4.3@sha256:36708b0b4cf35507ccf689f1a25f6f81b8f41c2c4c2900793de820f66d4e241c,3181
  completed:
    pantry-tree:
      sha256: 2a2f10e8c32a6c181a06494e13a462e00f77e98ad346fd99c123afa3fa89f9e1
      size: 475
    hackage: diagrams-svg-1.4.3@sha256:36708b0b4cf35507ccf689f1a25f6f81b8f41c2c4c2900793de820f66d4e241c,3181
- original:
    hackage: svg-builder-0.1.1@sha256:22de54d326a6b6912e461e1302edb9108b02aac0b6a6368fcdc3c4a224d487fd,1440
  completed:
    pantry-tree:
      sha256: 677ee9598c5dedb3ef8959c26a6c65f29b3e1e3c5e83433921aef17d86a22d50
      size: 535
    hackage: svg-builder-0.1.1@sha256:22de54d326a6b6912e461e1302edb9108b02aac0b6a6368fcdc3c4a224d487fd,1440
- original:
    hackage: active-0.2.0.14@sha256:e618aba4a7881eb85dc1585e0a01230af6b4fbab6693931e4a5d0d3a5b184406,1823
  completed:
    pantry-tree:
      sha256: 9326ee3500f7bb1adea18f581dc51ebdb522677d8cddc847a506ba5d328ee723
      size: 1017
    hackage: active-0.2.0.14@sha256:e618aba4a7881eb85dc1585e0a01230af6b4fbab6693931e4a5d0d3a5b184406,1823
- original:
    hackage: dual-tree-0.2.2.1@sha256:9ff31e461d873ae74ba51d93b454c0c4094726d7cb78a0c454394c965e83539d,2830
  completed:
    pantry-tree:
      sha256: 70ea91862ac301648d63e9c69d0ff8154b1d3c9c632d224d4002c027861ec33e
      size: 387
    hackage: dual-tree-0.2.2.1@sha256:9ff31e461d873ae74ba51d93b454c0c4094726d7cb78a0c454394c965e83539d,2830
- original:
    hackage: gtk2hs-buildtools-0.13.8.0@sha256:132f38155fc677430a47ea750918973161c876fb6f281d342ac2f07eb99229ce,5238
  completed:
    pantry-tree:
      sha256: 4552e3c0f2ef0f16285c38898d7e2b6aeea67d4e37cd203b0c82f70592096c45
      size: 3588
    hackage: gtk2hs-buildtools-0.13.8.0@sha256:132f38155fc677430a47ea750918973161c876fb6f281d342ac2f07eb99229ce,5238
- original:
    hackage: monoid-extras-0.5.1@sha256:438dbfd7b4dce47d8f0ca577f56caf94bd1e21391afa545cad09fe7cf2e5793d,2333
  completed:
    pantry-tree:
      sha256: 52bc06f799bd7f19f0a16f89e6cdcfba4db93339fa9a6e4bcfdb4b49245dffdb
      size: 1187
    hackage: monoid-extras-0.5.1@sha256:438dbfd7b4dce47d8f0ca577f56caf94bd1e21391afa545cad09fe7cf2e5793d,2333
- original:
    hackage: statestack-0.3@sha256:36131f4e7c9a821a7460a2e54cda51e28c4ae1161f7bba4b0b254f8d4241efe4,1071
  completed:
    pantry-tree:
      sha256: 24c3fd6f5333ea45904648a14f8a570ac68bed8d955ae91d4247eff98e8f9534
      size: 272
    hackage: statestack-0.3@sha256:36131f4e7c9a821a7460a2e54cda51e28c4ae1161f7bba4b0b254f8d4241efe4,1071
- original:
    hackage: hip-1.5.6.0@sha256:296c55622f62485422c0a593c7306af1a5abf8ba9f866dcdffc281b01eba65d7,6988
  completed:
    pantry-tree:
      sha256: d79395e6ec9caf1132a7e001f6fe9b8ebada31e0e52087a4a1a971e3f295a7f4
      size: 7456
    hackage: hip-1.5.6.0@sha256:296c55622f62485422c0a593c7306af1a5abf8ba9f866dcdffc281b01eba65d7,6988
- original:
    hackage: repa-3.4.1.4@sha256:5a99bde69fe96a18d70aae23f47c8f719b1134558dca3ee5a7c15423b68a132e,3323
  completed:
    pantry-tree:
      sha256: 060bec03e51bb6f40acc52c70f8e36804e18f80590b09dc8141352f1b14b03e7
      size: 2965
    hackage: repa-3.4.1.4@sha256:5a99bde69fe96a18d70aae23f47c8f719b1134558dca3ee5a7c15423b68a132e,3323
